
Microsoft Visual Studio Solution File, Format Version 12.00
# Visual Studio Version 17
VisualStudioVersion = 17.8.34525.116
MinimumVisualStudioVersion = 10.0.40219.1
Project("{9A19103F-16F7-4668-BE54-9A1E7A4F7556}") = "API Linea Espera", "API Linea Espera.csproj", "{C09EF4CF-62C5-4779-A15C-324C272FE715}"
EndProject
Project("{9A19103F-16F7-4668-BE54-9A1E7A4F7556}") = "AdminApp", "..\AdminApp\AdminApp.csproj", "{C17D6695-8A32-4886-BC96-798B5FEB6470}"
EndProject
Project("{9A19103F-16F7-4668-BE54-9A1E7A4F7556}") = "AppClientes", "..\AppClientes\AppClientes.csproj", "{94C2F1BD-484A-4918-9B7B-51AE4C804DBE}"
EndProject
Project("{FAE04EC0-301F-11D3-BF4B-00C04F79EFBC}") = "APPCLIENTEPRUEBA1", "..\APPCLIENTEPRUEBA1\APPCLIENTEPRUEBA1.csproj", "{EBC904F9-31E9-4B40-A9CA-76F2AFA98F92}"
EndProject
Global
	GlobalSection(SolutionConfigurationPlatforms) = preSolution
		Debug|Any CPU = Debug|Any CPU
		Release|Any CPU = Release|Any CPU
	EndGlobalSection
	GlobalSection(ProjectConfigurationPlatforms) = postSolution
		{C09EF4CF-62C5-4779-A15C-324C272FE715}.Debug|Any CPU.ActiveCfg = Debug|Any CPU
		{C09EF4CF-62C5-4779-A15C-324C272FE715}.Debug|Any CPU.Build.0 = Debug|Any CPU
		{C09EF4CF-62C5-4779-A15C-324C272FE715}.Release|Any CPU.ActiveCfg = Release|Any CPU
		{C09EF4CF-62C5-4779-A15C-324C272FE715}.Release|Any CPU.Build.0 = Release|Any CPU
		{C17D6695-8A32-4886-BC96-798B5FEB6470}.Debug|Any CPU.ActiveCfg = Debug|Any CPU
		{C17D6695-8A32-4886-BC96-798B5FEB6470}.Debug|Any CPU.Build.0 = Debug|Any CPU
		{C17D6695-8A32-4886-BC96-798B5FEB6470}.Release|Any CPU.ActiveCfg = Release|Any CPU
		{C17D6695-8A32-4886-BC96-798B5FEB6470}.Release|Any CPU.Build.0 = Release|Any CPU
		{94C2F1BD-484A-4918-9B7B-51AE4C804DBE}.Debug|Any CPU.ActiveCfg = Debug|Any CPU
		{94C2F1BD-484A-4918-9B7B-51AE4C804DBE}.Debug|Any CPU.Build.0 = Debug|Any CPU
		{94C2F1BD-484A-4918-9B7B-51AE4C804DBE}.Debug|Any CPU.Deploy.0 = Debug|Any CPU
		{94C2F1BD-484A-4918-9B7B-51AE4C804DBE}.Release|Any CPU.ActiveCfg = Release|Any CPU
		{94C2F1BD-484A-4918-9B7B-51AE4C804DBE}.Release|Any CPU.Build.0 = Release|Any CPU
		{94C2F1BD-484A-4918-9B7B-51AE4C804DBE}.Release|Any CPU.Deploy.0 = Release|Any CPU
		{EBC904F9-31E9-4B40-A9CA-76F2AFA98F92}.Debug|Any CPU.ActiveCfg = Debug|Any CPU
		{EBC904F9-31E9-4B40-A9CA-76F2AFA98F92}.Debug|Any CPU.Build.0 = Debug|Any CPU
		{EBC904F9-31E9-4B40-A9CA-76F2AFA98F92}.Debug|Any CPU.Deploy.0 = Debug|Any CPU
		{EBC904F9-31E9-4B40-A9CA-76F2AFA98F92}.Release|Any CPU.ActiveCfg = Release|Any CPU
		{EBC904F9-31E9-4B40-A9CA-76F2AFA98F92}.Release|Any CPU.Build.0 = Release|Any CPU
		{EBC904F9-31E9-4B40-A9CA-76F2AFA98F92}.Release|Any CPU.Deploy.0 = Release|Any CPU
	EndGlobalSection
	GlobalSection(SolutionProperties) = preSolution
		HideSolutionNode = FALSE
	EndGlobalSection
	GlobalSection(ExtensibilityGlobals) = postSolution
		SolutionGuid = {7EAB4F38-BECE-4BC4-8E02-9E1C915C5ED2}
	EndGlobalSection
EndGlobal
